{
  "name": "brunch-app",
  "version": "0.0.1",
  "lockfileVersion": 1,
  "requires": true,
  "dependencies": {
    "amdefine": {
      "version": "1.0.1",
      "resolved": "https://registry.npmjs.org/amdefine/-/amdefine-1.0.1.tgz",
      "integrity": "sha1-SlKCrBZHKek2Gbz9OtFR+BfOkfU="
    },
    "ansi-regex": {
      "version": "2.1.1",
      "resolved": "https://registry.npmjs.org/ansi-regex/-/ansi-regex-2.1.1.tgz",
      "integrity": "sha1-w7M6te42DYbg5ijwRorn7yfWVN8=",
      "dev": true
    },
    "ansi-styles": {
      "version": "2.2.1",
      "resolved": "https://registry.npmjs.org/ansi-styles/-/ansi-styles-2.2.1.tgz",
      "integrity": "sha1-tDLdM1i2NM914eRmQ2gkBTPB3b4=",
      "dev": true
    },
    "async": {
      "version": "0.2.10",
      "resolved": "https://registry.npmjs.org/async/-/async-0.2.10.tgz",
      "integrity": "sha1-trvgsGdLnXGXCMo43owjfLUmw9E="
    },
    "async-each": {
      "version": "1.0.1",
      "resolved": "https://registry.npmjs.org/async-each/-/async-each-1.0.1.tgz",
      "integrity": "sha1-GdOGodntxufByF04iu28xW0zYC0=",
      "dev": true
    },
    "balanced-match": {
      "version": "1.0.0",
      "resolved": "https://registry.npmjs.org/balanced-match/-/balanced-match-1.0.0.tgz",
      "integrity": "sha1-ibTRmasr7kneFk6gK4nORi1xt2c=",
      "dev": true
    },
    "brace-expansion": {
      "version": "1.1.8",
      "resolved": "https://registry.npmjs.org/brace-expansion/-/brace-expansion-1.1.8.tgz",
      "integrity": "sha1-wHshHHyVLsH479Uad+8NHTmQopI=",
      "dev": true,
      "requires": {
        "balanced-match": "1.0.0",
        "concat-map": "0.0.1"
      }
    },
    "cbify": {
      "version": "1.0.0",
      "resolved": "https://registry.npmjs.org/cbify/-/cbify-1.0.0.tgz",
      "integrity": "sha1-GnrUBEsvkjF+ehut2jpydgeDXYQ=",
      "dev": true,
      "requires": {
        "fn-args": "1.0.0",
        "wrappy": "1.0.2"
      }
    },
    "chalk": {
      "version": "1.1.3",
      "resolved": "https://registry.npmjs.org/chalk/-/chalk-1.1.3.tgz",
      "integrity": "sha1-qBFcVeSnAv5NFQq9OHKCKn4J/Jg=",
      "dev": true,
      "requires": {
        "ansi-styles": "2.2.1",
        "escape-string-regexp": "1.0.5",
        "has-ansi": "2.0.0",
        "strip-ansi": "3.0.1",
        "supports-color": "2.0.0"
      },
      "dependencies": {
        "supports-color": {
          "version": "2.0.0",
          "resolved": "https://registry.npmjs.org/supports-color/-/supports-color-2.0.0.tgz",
          "integrity": "sha1-U10EXOa2Nj+kARcIRimZXp3zJMc=",
          "dev": true
        }
      }
    },
    "color-convert": {
      "version": "1.9.1",
      "resolved": "https://registry.npmjs.org/color-convert/-/color-convert-1.9.1.tgz",
      "integrity": "sha512-mjGanIiwQJskCC18rPR6OmrZ6fm2Lc7PeGFYwCmy5J34wC6F1PzdGL6xeMfmgicfYcNLGuVFA3WzXtIDCQSZxQ==",
      "dev": true,
      "requires": {
        "color-name": "1.1.3"
      }
    },
    "color-name": {
      "version": "1.1.3",
      "resolved": "https://registry.npmjs.org/color-name/-/color-name-1.1.3.tgz",
      "integrity": "sha1-p9BVi9icQveV3UIyj3QIMcpTvCU=",
      "dev": true
    },
    "concat-map": {
      "version": "0.0.1",
      "resolved": "https://registry.npmjs.org/concat-map/-/concat-map-0.0.1.tgz",
      "integrity": "sha1-2Klr13/Wjfd5OnMDajug1UBdR3s=",
      "dev": true
    },
    "css-modules-loader-core": {
      "version": "1.1.0",
      "resolved": "https://registry.npmjs.org/css-modules-loader-core/-/css-modules-loader-core-1.1.0.tgz",
      "integrity": "sha1-WQhmgpShvs0mGuCkziGwtVHyHRY=",
      "dev": true,
      "requires": {
        "icss-replace-symbols": "1.1.0",
        "postcss": "6.0.1",
        "postcss-modules-extract-imports": "1.1.0",
        "postcss-modules-local-by-default": "1.2.0",
        "postcss-modules-scope": "1.1.0",
        "postcss-modules-values": "1.3.0"
      },
      "dependencies": {
        "postcss": {
          "version": "6.0.1",
          "resolved": "https://registry.npmjs.org/postcss/-/postcss-6.0.1.tgz",
          "integrity": "sha1-AA29H47vIXqjaLmiEsX8QLKo8/I=",
          "dev": true,
          "requires": {
            "chalk": "1.1.3",
            "source-map": "0.5.7",
            "supports-color": "3.2.3"
          }
        },
        "source-map": {
          "version": "0.5.7",
          "resolved": "https://registry.npmjs.org/source-map/-/source-map-0.5.7.tgz",
          "integrity": "sha1-igOdLRAh0i0eoUyA2OpGi6LvP8w=",
          "dev": true
        }
      }
    },
    "css-parse": {
      "version": "1.7.0",
      "resolved": "https://registry.npmjs.org/css-parse/-/css-parse-1.7.0.tgz",
      "integrity": "sha1-Mh9s9zeCpv91ERE5D8BeLGV9jJs=",
      "dev": true
    },
    "css-selector-tokenizer": {
      "version": "0.7.0",
      "resolved": "https://registry.npmjs.org/css-selector-tokenizer/-/css-selector-tokenizer-0.7.0.tgz",
      "integrity": "sha1-5piEdK6MlTR3v15+/s/OzNnPTIY=",
      "dev": true,
      "requires": {
        "cssesc": "0.1.0",
        "fastparse": "1.1.1",
        "regexpu-core": "1.0.0"
      }
    },
    "cssesc": {
      "version": "0.1.0",
      "resolved": "https://registry.npmjs.org/cssesc/-/cssesc-0.1.0.tgz",
      "integrity": "sha1-yBSQPkViM3GgR3tAEJqq++6t27Q=",
      "dev": true
    },
    "debug": {
      "version": "3.1.0",
      "resolved": "https://registry.npmjs.org/debug/-/debug-3.1.0.tgz",
      "integrity": "sha512-OX8XqP7/1a9cqkxYw2yXss15f26NKWBpDXQd0/uK/KPqdQhxbPa994hnzjcE2VqQpDslf55723cKPUOGSmMY3g==",
      "dev": true,
      "requires": {
        "ms": "2.0.0"
      }
    },
    "escape-string-regexp": {
      "version": "1.0.5",
      "resolved": "https://registry.npmjs.org/escape-string-regexp/-/escape-string-regexp-1.0.5.tgz",
      "integrity": "sha1-G2HAViGQqN/2rjuyzwIAyhMLhtQ=",
      "dev": true
    },
    "fastparse": {
      "version": "1.1.1",
      "resolved": "https://registry.npmjs.org/fastparse/-/fastparse-1.1.1.tgz",
      "integrity": "sha1-0eJkOzipTXWDtHkGDmxK/8lAcfg=",
      "dev": true
    },
    "fn-args": {
      "version": "1.0.0",
      "resolved": "https://registry.npmjs.org/fn-args/-/fn-args-1.0.0.tgz",
      "integrity": "sha1-l02voa6sSsfCH6Ccw7gPZQEG7TI=",
      "dev": true
    },
    "fs-mode": {
      "version": "1.0.1",
      "resolved": "https://registry.npmjs.org/fs-mode/-/fs-mode-1.0.1.tgz",
      "integrity": "sha1-cxAvQKoaJSId2g6qkGYW1toIJVo=",
      "dev": true,
      "requires": {
        "cbify": "1.0.0"
      }
    },
    "fs.realpath": {
      "version": "1.0.0",
      "resolved": "https://registry.npmjs.org/fs.realpath/-/fs.realpath-1.0.0.tgz",
      "integrity": "sha1-FQStJSMVjKpA20onh8sBQRmU6k8=",
      "dev": true
    },
    "glob": {
      "version": "3.1.21",
      "resolved": "https://registry.npmjs.org/glob/-/glob-3.1.21.tgz",
      "integrity": "sha1-0p4KBV3qUTj00H7UDomC6DwgZs0=",
      "requires": {
        "graceful-fs": "1.2.3",
        "inherits": "1.0.2",
        "minimatch": "0.2.14"
      }
    },
    "graceful-fs": {
      "version": "1.2.3",
      "resolved": "https://registry.npmjs.org/graceful-fs/-/graceful-fs-1.2.3.tgz",
      "integrity": "sha1-FaSAaldUfLLS2/J/QuiajDRRs2Q="
    },
    "handlebars": {
      "version": "1.0.12",
      "resolved": "https://registry.npmjs.org/handlebars/-/handlebars-1.0.12.tgz",
      "integrity": "sha1-GMbTRAw16RsZs/9YK5FRq0mF1Pw=",
      "requires": {
        "optimist": "0.3.7",
        "uglify-js": "2.3.6"
      }
    },
    "has-ansi": {
      "version": "2.0.0",
      "resolved": "https://registry.npmjs.org/has-ansi/-/has-ansi-2.0.0.tgz",
      "integrity": "sha1-NPUEnOHs3ysGSa8+8k5F7TVBbZE=",
      "dev": true,
      "requires": {
        "ansi-regex": "2.1.1"
      }
    },
    "has-flag": {
      "version": "1.0.0",
      "resolved": "https://registry.npmjs.org/has-flag/-/has-flag-1.0.0.tgz",
      "integrity": "sha1-nZ55MWXOAXoA8AQYxD+UKnsdEfo=",
      "dev": true
    },
    "icss-replace-symbols": {
      "version": "1.1.0",
      "resolved": "https://registry.npmjs.org/icss-replace-symbols/-/icss-replace-symbols-1.1.0.tgz",
      "integrity": "sha1-Bupvg2ead0njhs/h/oEq5dsiPe0=",
      "dev": true
    },
    "inflight": {
      "version": "1.0.6",
      "resolved": "https://registry.npmjs.org/inflight/-/inflight-1.0.6.tgz",
      "integrity": "sha1-Sb1jMdfQLQwJvJEKEHW6gWW1bfk=",
      "dev": true,
      "requires": {
        "once": "1.4.0",
        "wrappy": "1.0.2"
      }
    },
    "inherits": {
      "version": "1.0.2",
      "resolved": "https://registry.npmjs.org/inherits/-/inherits-1.0.2.tgz",
      "integrity": "sha1-ykMJ2t7mtUzAuNJH6NfHoJdb3Js="
    },
    "js-base64": {
      "version": "2.3.2",
      "resolved": "https://registry.npmjs.org/js-base64/-/js-base64-2.3.2.tgz",
      "integrity": "sha512-Y2/+DnfJJXT1/FCwUebUhLWb3QihxiSC42+ctHLGogmW2jPY6LCapMdFZXRvVP2z6qyKW7s6qncE/9gSqZiArw==",
      "dev": true
    },
    "jsesc": {
      "version": "0.5.0",
      "resolved": "https://registry.npmjs.org/jsesc/-/jsesc-0.5.0.tgz",
      "integrity": "sha1-597mbjXW/Bb3EP6R1c9p9w8IkR0=",
      "dev": true
    },
    "lru-cache": {
      "version": "2.7.3",
      "resolved": "https://registry.npmjs.org/lru-cache/-/lru-cache-2.7.3.tgz",
      "integrity": "sha1-bUUk6LlV+V1PW1iFHOId1y+06VI="
    },
    "minimatch": {
      "version": "0.2.14",
      "resolved": "https://registry.npmjs.org/minimatch/-/minimatch-0.2.14.tgz",
      "integrity": "sha1-x054BXT2PG+aCQ6Q775u9TpqdWo=",
      "requires": {
        "lru-cache": "2.7.3",
        "sigmund": "1.0.1"
      }
    },
    "minimist": {
      "version": "0.0.8",
      "resolved": "https://registry.npmjs.org/minimist/-/minimist-0.0.8.tgz",
      "integrity": "sha1-hX/Kv8M5fSYluCKCYuhqp6ARsF0=",
      "dev": true
    },
    "mkdirp": {
      "version": "0.3.5",
      "resolved": "https://registry.npmjs.org/mkdirp/-/mkdirp-0.3.5.tgz",
      "integrity": "sha1-3j5fiWHIjHh+4TaN+EmsRBPsqNc="
    },
    "ms": {
      "version": "2.0.0",
      "resolved": "https://registry.npmjs.org/ms/-/ms-2.0.0.tgz",
      "integrity": "sha1-VgiurfwAvmwpAd9fmGF4jeDVl8g=",
      "dev": true
    },
    "nib": {
      "version": "1.1.2",
      "resolved": "https://registry.npmjs.org/nib/-/nib-1.1.2.tgz",
      "integrity": "sha1-amnt5AgblcDe+L4CSkyK4MLLtsc=",
      "dev": true,
      "requires": {
        "stylus": "0.54.5"
      }
    },
    "once": {
      "version": "1.4.0",
      "resolved": "https://registry.npmjs.org/once/-/once-1.4.0.tgz",
      "integrity": "sha1-WDsap3WWHUsROsF9nFC6753Xa9E=",
      "dev": true,
      "requires": {
        "wrappy": "1.0.2"
      }
    },
    "optimist": {
      "version": "0.3.7",
      "resolved": "https://registry.npmjs.org/optimist/-/optimist-0.3.7.tgz",
      "integrity": "sha1-yQlBrVnkJzMokjB00s8ufLxuwNk=",
      "requires": {
        "wordwrap": "0.0.3"
      }
    },
    "path-is-absolute": {
      "version": "1.0.1",
      "resolved": "https://registry.npmjs.org/path-is-absolute/-/path-is-absolute-1.0.1.tgz",
      "integrity": "sha1-F0uSaHNVNP+8es5r9TpanhtcX18=",
      "dev": true
    },
    "postcss": {
      "version": "5.0.21",
      "resolved": "https://registry.npmjs.org/postcss/-/postcss-5.0.21.tgz",
      "integrity": "sha1-1M9vGXdGSMSSrFfCmPavs8BMrv4=",
      "dev": true,
      "requires": {
        "js-base64": "2.3.2",
        "source-map": "0.5.7",
        "supports-color": "3.2.3"
      },
      "dependencies": {
        "source-map": {
          "version": "0.5.7",
          "resolved": "https://registry.npmjs.org/source-map/-/source-map-0.5.7.tgz",
          "integrity": "sha1-igOdLRAh0i0eoUyA2OpGi6LvP8w=",
          "dev": true
        }
      }
    },
    "postcss-modules": {
      "version": "0.4.1",
      "resolved": "https://registry.npmjs.org/postcss-modules/-/postcss-modules-0.4.1.tgz",
      "integrity": "sha1-7aoYQvXK5T84EZy7LSAeAQExveQ=",
      "dev": true,
      "requires": {
        "css-modules-loader-core": "1.1.0",
        "postcss": "5.0.21",
        "string-hash": "1.1.3"
      }
    },
    "postcss-modules-extract-imports": {
      "version": "1.1.0",
      "resolved": "https://registry.npmjs.org/postcss-modules-extract-imports/-/postcss-modules-extract-imports-1.1.0.tgz",
      "integrity": "sha1-thTJcgvmgW6u41+zpfqh26agXds=",
      "dev": true,
      "requires": {
        "postcss": "6.0.14"
      },
      "dependencies": {
        "ansi-styles": {
          "version": "3.2.0",
          "resolved": "https://registry.npmjs.org/ansi-styles/-/ansi-styles-3.2.0.tgz",
          "integrity": "sha512-NnSOmMEYtVR2JVMIGTzynRkkaxtiq1xnFBcdQD/DnNCYPoEPsVJhM98BDyaoNOQIi7p4okdi3E27eN7GQbsUug==",
          "dev": true,
          "requires": {
            "color-convert": "1.9.1"
          }
        },
        "chalk": {
          "version": "2.3.0",
          "resolved": "https://registry.npmjs.org/chalk/-/chalk-2.3.0.tgz",
          "integrity": "sha512-Az5zJR2CBujap2rqXGaJKaPHyJ0IrUimvYNX+ncCy8PJP4ltOGTrHUIo097ZaL2zMeKYpiCdqDvS6zdrTFok3Q==",
          "dev": true,
          "requires": {
            "ansi-styles": "3.2.0",
            "escape-string-regexp": "1.0.5",
            "supports-color": "4.5.0"
          }
        },
        "has-flag": {
          "version": "2.0.0",
          "resolved": "https://registry.npmjs.org/has-flag/-/has-flag-2.0.0.tgz",
          "integrity": "sha1-6CB68cx7MNRGzHC3NLXovhj4jVE=",
          "dev": true
        },
        "postcss": {
          "version": "6.0.14",
          "resolved": "https://registry.npmjs.org/postcss/-/postcss-6.0.14.tgz",
          "integrity": "sha512-NJ1z0f+1offCgadPhz+DvGm5Mkci+mmV5BqD13S992o0Xk9eElxUfPPF+t2ksH5R/17gz4xVK8KWocUQ5o3Rog==",
          "dev": true,
          "requires": {
            "chalk": "2.3.0",
            "source-map": "0.6.1",
            "supports-color": "4.5.0"
          }
        },
        "source-map": {
          "version": "0.6.1",
          "resolved": "https://registry.npmjs.org/source-map/-/source-map-0.6.1.tgz",
          "integrity": "sha512-UjgapumWlbMhkBgzT7Ykc5YXUT46F0iKu8SGXq0bcwP5dz/h0Plj6enJqjz1Zbq2l5WaqYnrVbwWOWMyF3F47g==",
          "dev": true
        },
        "supports-color": {
          "version": "4.5.0",
          "resolved": "https://registry.npmjs.org/supports-color/-/supports-color-4.5.0.tgz",
          "integrity": "sha1-vnoN5ITexcXN34s9WRJQRJEvY1s=",
          "dev": true,
          "requires": {
            "has-flag": "2.0.0"
          }
        }
      }
    },
    "postcss-modules-local-by-default": {
      "version": "1.2.0",
      "resolved": "https://registry.npmjs.org/postcss-modules-local-by-default/-/postcss-modules-local-by-default-1.2.0.tgz",
      "integrity": "sha1-99gMOYxaOT+nlkRmvRlQCn1hwGk=",
      "dev": true,
      "requires": {
        "css-selector-tokenizer": "0.7.0",
        "postcss": "6.0.14"
      },
      "dependencies": {
        "ansi-styles": {
          "version": "3.2.0",
          "resolved": "https://registry.npmjs.org/ansi-styles/-/ansi-styles-3.2.0.tgz",
          "integrity": "sha512-NnSOmMEYtVR2JVMIGTzynRkkaxtiq1xnFBcdQD/DnNCYPoEPsVJhM98BDyaoNOQIi7p4okdi3E27eN7GQbsUug==",
          "dev": true,
          "requires": {
            "color-convert": "1.9.1"
          }
        },
        "chalk": {
          "version": "2.3.0",
          "resolved": "https://registry.npmjs.org/chalk/-/chalk-2.3.0.tgz",
          "integrity": "sha512-Az5zJR2CBujap2rqXGaJKaPHyJ0IrUimvYNX+ncCy8PJP4ltOGTrHUIo097ZaL2zMeKYpiCdqDvS6zdrTFok3Q==",
          "dev": true,
          "requires": {
            "ansi-styles": "3.2.0",
            "escape-string-regexp": "1.0.5",
            "supports-color": "4.5.0"
          }
        },
        "has-flag": {
          "version": "2.0.0",
          "resolved": "https://registry.npmjs.org/has-flag/-/has-flag-2.0.0.tgz",
          "integrity": "sha1-6CB68cx7MNRGzHC3NLXovhj4jVE=",
          "dev": true
        },
        "postcss": {
          "version": "6.0.14",
          "resolved": "https://registry.npmjs.org/postcss/-/postcss-6.0.14.tgz",
          "integrity": "sha512-NJ1z0f+1offCgadPhz+DvGm5Mkci+mmV5BqD13S992o0Xk9eElxUfPPF+t2ksH5R/17gz4xVK8KWocUQ5o3Rog==",
          "dev": true,
          "requires": {
            "chalk": "2.3.0",
            "source-map": "0.6.1",
            "supports-color": "4.5.0"
          }
        },
        "source-map": {
          "version": "0.6.1",
          "resolved": "https://registry.npmjs.org/source-map/-/source-map-0.6.1.tgz",
          "integrity": "sha512-UjgapumWlbMhkBgzT7Ykc5YXUT46F0iKu8SGXq0bcwP5dz/h0Plj6enJqjz1Zbq2l5WaqYnrVbwWOWMyF3F47g==",
          "dev": true
        },
        "supports-color": {
          "version": "4.5.0",
          "resolved": "https://registry.npmjs.org/supports-color/-/supports-color-4.5.0.tgz",
          "integrity": "sha1-vnoN5ITexcXN34s9WRJQRJEvY1s=",
          "dev": true,
          "requires": {
            "has-flag": "2.0.0"
          }
        }
      }
    },
    "postcss-modules-scope": {
      "version": "1.1.0",
      "resolved": "https://registry.npmjs.org/postcss-modules-scope/-/postcss-modules-scope-1.1.0.tgz",
      "integrity": "sha1-1upkmUx5+XtipytCb75gVqGUu5A=",
      "dev": true,
      "requires": {
        "css-selector-tokenizer": "0.7.0",
        "postcss": "6.0.14"
      },
      "dependencies": {
        "ansi-styles": {
          "version": "3.2.0",
          "resolved": "https://registry.npmjs.org/ansi-styles/-/ansi-styles-3.2.0.tgz",
          "integrity": "sha512-NnSOmMEYtVR2JVMIGTzynRkkaxtiq1xnFBcdQD/DnNCYPoEPsVJhM98BDyaoNOQIi7p4okdi3E27eN7GQbsUug==",
          "dev": true,
          "requires": {
            "color-convert": "1.9.1"
          }
        },
        "chalk": {
          "version": "2.3.0",
          "resolved": "https://registry.npmjs.org/chalk/-/chalk-2.3.0.tgz",
          "integrity": "sha512-Az5zJR2CBujap2rqXGaJKaPHyJ0IrUimvYNX+ncCy8PJP4ltOGTrHUIo097ZaL2zMeKYpiCdqDvS6zdrTFok3Q==",
          "dev": true,
          "requires": {
            "ansi-styles": "3.2.0",
            "escape-string-regexp": "1.0.5",
            "supports-color": "4.5.0"
          }
        },
        "has-flag": {
          "version": "2.0.0",
          "resolved": "https://registry.npmjs.org/has-flag/-/has-flag-2.0.0.tgz",
          "integrity": "sha1-6CB68cx7MNRGzHC3NLXovhj4jVE=",
          "dev": true
        },
        "postcss": {
          "version": "6.0.14",
          "resolved": "https://registry.npmjs.org/postcss/-/postcss-6.0.14.tgz",
          "integrity": "sha512-NJ1z0f+1offCgadPhz+DvGm5Mkci+mmV5BqD13S992o0Xk9eElxUfPPF+t2ksH5R/17gz4xVK8KWocUQ5o3Rog==",
          "dev": true,
          "requires": {
            "chalk": "2.3.0",
            "source-map": "0.6.1",
            "supports-color": "4.5.0"
          }
        },
        "source-map": {
          "version": "0.6.1",
          "resolved": "https://registry.npmjs.org/source-map/-/source-map-0.6.1.tgz",
          "integrity": "sha512-UjgapumWlbMhkBgzT7Ykc5YXUT46F0iKu8SGXq0bcwP5dz/h0Plj6enJqjz1Zbq2l5WaqYnrVbwWOWMyF3F47g==",
          "dev": true
        },
        "supports-color": {
          "version": "4.5.0",
          "resolved": "https://registry.npmjs.org/supports-color/-/supports-color-4.5.0.tgz",
          "integrity": "sha1-vnoN5ITexcXN34s9WRJQRJEvY1s=",
          "dev": true,
          "requires": {
            "has-flag": "2.0.0"
          }
        }
      }
    },
    "postcss-modules-values": {
      "version": "1.3.0",
      "resolved": "https://registry.npmjs.org/postcss-modules-values/-/postcss-modules-values-1.3.0.tgz",
      "integrity": "sha1-7P+p1+GSUYOJ9CrQ6D9yrsRW6iA=",
      "dev": true,
      "requires": {
        "icss-replace-symbols": "1.1.0",
        "postcss": "6.0.14"
      },
      "dependencies": {
        "ansi-styles": {
          "version": "3.2.0",
          "resolved": "https://registry.npmjs.org/ansi-styles/-/ansi-styles-3.2.0.tgz",
          "integrity": "sha512-NnSOmMEYtVR2JVMIGTzynRkkaxtiq1xnFBcdQD/DnNCYPoEPsVJhM98BDyaoNOQIi7p4okdi3E27eN7GQbsUug==",
          "dev": true,
          "requires": {
            "color-convert": "1.9.1"
          }
        },
        "chalk": {
          "version": "2.3.0",
          "resolved": "https://registry.npmjs.org/chalk/-/chalk-2.3.0.tgz",
          "integrity": "sha512-Az5zJR2CBujap2rqXGaJKaPHyJ0IrUimvYNX+ncCy8PJP4ltOGTrHUIo097ZaL2zMeKYpiCdqDvS6zdrTFok3Q==",
          "dev": true,
          "requires": {
            "ansi-styles": "3.2.0",
            "escape-string-regexp": "1.0.5",
            "supports-color": "4.5.0"
          }
        },
        "has-flag": {
          "version": "2.0.0",
          "resolved": "https://registry.npmjs.org/has-flag/-/has-flag-2.0.0.tgz",
          "integrity": "sha1-6CB68cx7MNRGzHC3NLXovhj4jVE=",
          "dev": true
        },
        "postcss": {
          "version": "6.0.14",
          "resolved": "https://registry.npmjs.org/postcss/-/postcss-6.0.14.tgz",
          "integrity": "sha512-NJ1z0f+1offCgadPhz+DvGm5Mkci+mmV5BqD13S992o0Xk9eElxUfPPF+t2ksH5R/17gz4xVK8KWocUQ5o3Rog==",
          "dev": true,
          "requires": {
            "chalk": "2.3.0",
            "source-map": "0.6.1",
            "supports-color": "4.5.0"
          }
        },
        "source-map": {
          "version": "0.6.1",
          "resolved": "https://registry.npmjs.org/source-map/-/source-map-0.6.1.tgz",
          "integrity": "sha512-UjgapumWlbMhkBgzT7Ykc5YXUT46F0iKu8SGXq0bcwP5dz/h0Plj6enJqjz1Zbq2l5WaqYnrVbwWOWMyF3F47g==",
          "dev": true
        },
        "supports-color": {
          "version": "4.5.0",
          "resolved": "https://registry.npmjs.org/supports-color/-/supports-color-4.5.0.tgz",
          "integrity": "sha1-vnoN5ITexcXN34s9WRJQRJEvY1s=",
          "dev": true,
          "requires": {
            "has-flag": "2.0.0"
          }
        }
      }
    },
    "progeny": {
      "version": "0.9.0",
      "resolved": "https://registry.npmjs.org/progeny/-/progeny-0.9.0.tgz",
      "integrity": "sha1-R5TTBfoYW6C3LKSbdho6yvKnc8w=",
      "dev": true,
      "requires": {
        "async-each": "1.0.1",
        "chalk": "1.1.3",
        "fs-mode": "1.0.1",
        "glob": "7.1.2"
      },
      "dependencies": {
        "glob": {
          "version": "7.1.2",
          "resolved": "https://registry.npmjs.org/glob/-/glob-7.1.2.tgz",
          "integrity": "sha512-MJTUg1kjuLeQCJ+ccE4Vpa6kKVXkPYJ2mOCQyUuKLcLQsdrMCpBPUi8qVE6+YuaJkozeA9NusTAw3hLr8Xe5EQ==",
          "dev": true,
          "requires": {
            "fs.realpath": "1.0.0",
            "inflight": "1.0.6",
            "inherits": "2.0.3",
            "minimatch": "3.0.4",
            "once": "1.4.0",
            "path-is-absolute": "1.0.1"
          }
        },
        "inherits": {
          "version": "2.0.3",
          "resolved": "https://registry.npmjs.org/inherits/-/inherits-2.0.3.tgz",
          "integrity": "sha1-Yzwsg+PaQqUC9SRmAiSA9CCCYd4=",
          "dev": true
        },
        "minimatch": {
          "version": "3.0.4",
          "resolved": "https://registry.npmjs.org/minimatch/-/minimatch-3.0.4.tgz",
          "integrity": "sha512-yJHVQEhyqPLUTgt9B83PXu6W3rx4MvvHvSUvToogpwoGDOUQ+yDrR0HRot+yOCdCO7u4hX3pWft6kWBBcqh0UA==",
          "dev": true,
          "requires": {
            "brace-expansion": "1.1.8"
          }
        }
      }
    },
    "regenerate": {
      "version": "1.3.3",
      "resolved": "https://registry.npmjs.org/regenerate/-/regenerate-1.3.3.tgz",
      "integrity": "sha512-jVpo1GadrDAK59t/0jRx5VxYWQEDkkEKi6+HjE3joFVLfDOh9Xrdh0dF1eSq+BI/SwvTQ44gSscJ8N5zYL61sg==",
      "dev": true
    },
    "regexpu-core": {
      "version": "1.0.0",
      "resolved": "https://registry.npmjs.org/regexpu-core/-/regexpu-core-1.0.0.tgz",
      "integrity": "sha1-hqdj9Y7k18L2sQLkdkBQ3n7ZDGs=",
      "dev": true,
      "requires": {
        "regenerate": "1.3.3",
        "regjsgen": "0.2.0",
        "regjsparser": "0.1.5"
      }
    },
    "regjsgen": {
      "version": "0.2.0",
      "resolved": "https://registry.npmjs.org/regjsgen/-/regjsgen-0.2.0.tgz",
      "integrity": "sha1-bAFq3qxVT3WCP+N6wFuS1aTtsfc=",
      "dev": true
    },
    "regjsparser": {
      "version": "0.1.5",
      "resolved": "https://registry.npmjs.org/regjsparser/-/regjsparser-0.1.5.tgz",
      "integrity": "sha1-fuj4Tcb6eS0/0K4ijSS9lJ6tIFw=",
      "dev": true,
      "requires": {
        "jsesc": "0.5.0"
      }
    },
    "sax": {
      "version": "0.5.8",
      "resolved": "https://registry.npmjs.org/sax/-/sax-0.5.8.tgz",
      "integrity": "sha1-1HLbIo6zMcJQaw6MFVJK25OdEsE=",
      "dev": true
    },
    "sigmund": {
      "version": "1.0.1",
      "resolved": "https://registry.npmjs.org/sigmund/-/sigmund-1.0.1.tgz",
      "integrity": "sha1-P/IfGYytIXX587eBhT/ZTQ0ZtZA="
    },
    "source-map": {
      "version": "0.1.43",
      "resolved": "https://registry.npmjs.org/source-map/-/source-map-0.1.43.tgz",
      "integrity": "sha1-wkvBRspRfBRx9drL4lcbK3+eM0Y=",
      "requires": {
        "amdefine": "1.0.1"
      }
    },
    "static-handlebars-brunch": {
      "version": "0.1.5",
      "resolved": "https://registry.npmjs.org/static-handlebars-brunch/-/static-handlebars-brunch-0.1.5.tgz",
      "integrity": "sha1-g3pw1McyyoEbcMqwvk+qGlTQozw=",
      "requires": {
        "glob": "3.1.21",
        "handlebars": "1.0.12",
        "mkdirp": "0.3.5"
      }
    },
    "string-hash": {
      "version": "1.1.3",
      "resolved": "https://registry.npmjs.org/string-hash/-/string-hash-1.1.3.tgz",
      "integrity": "sha1-6Kr8CsGFW0Zmkp7X3RJ1311sgRs=",
      "dev": true
    },
    "strip-ansi": {
      "version": "3.0.1",
      "resolved": "https://registry.npmjs.org/strip-ansi/-/strip-ansi-3.0.1.tgz",
      "integrity": "sha1-ajhfuIU9lS1f8F0Oiq+UJ43GPc8=",
      "dev": true,
      "requires": {
        "ansi-regex": "2.1.1"
      }
    },
    "stylus": {
      "version": "0.54.5",
      "resolved": "https://registry.npmjs.org/stylus/-/stylus-0.54.5.tgz",
      "integrity": "sha1-QrlWCTHKcJDOhRWnmLqeaqPW3Hk=",
      "dev": true,
      "requires": {
        "css-parse": "1.7.0",
        "debug": "3.1.0",
        "glob": "7.0.6",
        "mkdirp": "0.5.1",
        "sax": "0.5.8",
        "source-map": "0.1.43"
      },
      "dependencies": {
        "glob": {
          "version": "7.0.6",
          "resolved": "https://registry.npmjs.org/glob/-/glob-7.0.6.tgz",
          "integrity": "sha1-IRuvr0nlJbjNkyYNFKsTYVKz9Xo=",
          "dev": true,
          "requires": {
            "fs.realpath": "1.0.0",
            "inflight": "1.0.6",
            "inherits": "2.0.3",
            "minimatch": "3.0.4",
            "once": "1.4.0",
            "path-is-absolute": "1.0.1"
          }
        },
        "inherits": {
          "version": "2.0.3",
          "resolved": "https://registry.npmjs.org/inherits/-/inherits-2.0.3.tgz",
          "integrity": "sha1-Yzwsg+PaQqUC9SRmAiSA9CCCYd4=",
          "dev": true
        },
        "minimatch": {
          "version": "3.0.4",
          "resolved": "https://registry.npmjs.org/minimatch/-/minimatch-3.0.4.tgz",
          "integrity": "sha512-yJHVQEhyqPLUTgt9B83PXu6W3rx4MvvHvSUvToogpwoGDOUQ+yDrR0HRot+yOCdCO7u4hX3pWft6kWBBcqh0UA==",
          "dev": true,
          "requires": {
            "brace-expansion": "1.1.8"
          }
        },
        "mkdirp": {
          "version": "0.5.1",
          "resolved": "https://registry.npmjs.org/mkdirp/-/mkdirp-0.5.1.tgz",
          "integrity": "sha1-MAV0OOrGz3+MR2fzhkjWaX11yQM=",
          "dev": true,
          "requires": {
            "minimist": "0.0.8"
          }
        }
      }
    },
    "stylus-brunch": {
      "version": "2.10.0",
      "resolved": "https://registry.npmjs.org/stylus-brunch/-/stylus-brunch-2.10.0.tgz",
      "integrity": "sha1-TUz8dgtins6sbE7tHyEsyNEVD/A=",
      "dev": true,
      "requires": {
        "nib": "1.1.2",
        "postcss": "5.0.21",
        "postcss-modules": "0.4.1",
        "progeny": "0.9.0",
        "stylus": "0.54.5"
      }
    },
    "supports-color": {
      "version": "3.2.3",
      "resolved": "https://registry.npmjs.org/supports-color/-/supports-color-3.2.3.tgz",
      "integrity": "sha1-ZawFBLOVQXHYpklGsq48u4pfVPY=",
      "dev": true,
      "requires": {
        "has-flag": "1.0.0"
      }
    },
    "uglify-js": {
      "version": "2.3.6",
      "resolved": "https://registry.npmjs.org/uglify-js/-/uglify-js-2.3.6.tgz",
      "integrity": "sha1-+gmEdwtCi3qbKoBY9GNV0U/vIRo=",
      "requires": {
        "async": "0.2.10",
        "optimist": "0.3.7",
        "source-map": "0.1.43"
      }
    },
    "wordwrap": {
      "version": "0.0.3",
      "resolved": "https://registry.npmjs.org/wordwrap/-/wordwrap-0.0.3.tgz",
      "integrity": "sha1-o9XabNXAvAAI03I0u68b7WMFkQc="
    },
    "wrappy": {
      "version": "1.0.2",
      "resolved": "https://registry.npmjs.org/wrappy/-/wrappy-1.0.2.tgz",
      "integrity": "sha1-tSQ9jz7BqjXxNkYFvA0QNuMKtp8=",
      "dev": true
    }
  }
}
